dependencies:
  espressif/cmake_utilities:
    component_hash: 351350613ceafba240b761b4ea991e0f231ac7a9f59a9ee901f751bddc0bb18f
    dependencies:
    - name: idf
      require: private
      version: '>=4.1'
    source:
      registry_url: https://components.espressif.com
      type: service
    version: 0.5.3
  espressif/esp_lcd_jd9365:
    component_hash: a191822f1d90de977e15f2d6f58783b288b782f82a980c4d6ea4c1fd75aba6f2
    dependencies:
    - name: espressif/cmake_utilities
      registry_url: https://components.espressif.com
      require: private
      version: 0.*
    - name: idf
      require: private
      version: '>=5.3'
    source:
      registry_url: https://components.espressif.com/
      type: service
    targets:
    - esp32p4
    version: 1.0.4
  espressif/esp_lcd_st7701:
    component_hash: 0b11e8733e51e12da83003b9d475777eaf47bfbdce01379879bd2504d14f4f83
    dependencies:
    - name: espressif/cmake_utilities
      registry_url: https://components.espressif.com
      require: private
      version: 0.*
    - name: idf
      require: private
      version: '>5.0.4,!=5.1.1'
    source:
      registry_url: https://components.espressif.com/
      type: service
    targets:
    - esp32s3
    - esp32p4
    version: 1.1.5
  espressif/esp_lcd_touch:
    component_hash: 3f85a7d95af876f1a6ecca8eb90a81614890d0f03a038390804e5a77e2caf862
    dependencies:
    - name: idf
      require: private
      version: '>=4.4.2'
    source:
      registry_url: https://components.espressif.com
      type: service
    version: 1.2.1
  espressif/esp_lcd_touch_cst816s:
    component_hash: a562ca3238756cca575908ed2cc4da4bab95f3815180b4f01f4c949b658bdd6d
    dependencies:
    - name: espressif/esp_lcd_touch
      registry_url: https://components.espressif.com
      require: public
      version: ^1.2.0
    - name: idf
      require: private
      version: '>=5.2'
    source:
      registry_url: https://components.espressif.com/
      type: service
    version: 1.1.1~1
  espressif/esp_lcd_touch_gt911:
    component_hash: 6029febef66eefd0910d527d7f30292779ccbf22a8dedd2bd69466acf0068a7b
    dependencies:
    - name: espressif/esp_lcd_touch
      registry_url: https://components.espressif.com
      require: public
      version: ^1.2.0
    - name: idf
      require: private
      version: '>=5.2'
    source:
      registry_url: https://components.espressif.com/
      type: service
    version: 1.2.0~2
  idf:
    source:
      type: idf
    version: 5.5.1
  lvgl/lvgl:
    dependencies: []
    source:
      path: D:\GitHubRepos\__AES\__ESP32_HMI_IPS\Ref_Repos_Sub_Module\Guition-JC8012P4A1\JC8012P4A1C_I_W_Y\1-Demo\idf-examples\ESP-IDF_lvgl_sw_rotation\lvgl_sw_rotation\components\lvgl__lvgl
      type: local
    version: 9.2.2
direct_dependencies:
- espressif/esp_lcd_jd9365
- espressif/esp_lcd_st7701
- espressif/esp_lcd_touch_cst816s
- espressif/esp_lcd_touch_gt911
- lvgl/lvgl
manifest_hash: c063011a88ce50bd82364037722a81b4caf882fa7f5b909f4d1f111e605e2dc4
target: esp32p4
version: 2.0.0
